
Microsoft Visual Studio Solution File, Format Version 12.00
# Visual Studio Version 17
VisualStudioVersion = 17.4.33213.308
MinimumVisualStudioVersion = 10.0.40219.1
Project("{9A19103F-16F7-4668-BE54-9A1E7A4F7556}") = "Actions", "Actions\Actions.csproj", "{1DAC25A6-FD12-4354-B157-82935869F9AC}"
EndProject
Project("{FAE04EC0-301F-11D3-BF4B-00C04F79EFBC}") = "ActionsTests", "ActionsTests\ActionsTests.csproj", "{5F5DBD86-5B31-4015-B6C9-98C2EA423483}"
EndProject
Global
	GlobalSection(SolutionConfigurationPlatforms) = preSolution
		Debug|Any CPU = Debug|Any CPU
		Release|Any CPU = Release|Any CPU
	EndGlobalSection
	GlobalSection(ProjectConfigurationPlatforms) = postSolution
		{1DAC25A6-FD12-4354-B157-82935869F9AC}.Debug|Any CPU.ActiveCfg = Debug|Any CPU
		{1DAC25A6-FD12-4354-B157-82935869F9AC}.Debug|Any CPU.Build.0 = Debug|Any CPU
		{1DAC25A6-FD12-4354-B157-82935869F9AC}.Release|Any CPU.ActiveCfg = Release|Any CPU
		{1DAC25A6-FD12-4354-B157-82935869F9AC}.Release|Any CPU.Build.0 = Release|Any CPU
		{5F5DBD86-5B31-4015-B6C9-98C2EA423483}.Debug|Any CPU.ActiveCfg = Debug|Any CPU
		{5F5DBD86-5B31-4015-B6C9-98C2EA423483}.Debug|Any CPU.Build.0 = Debug|Any CPU
		{5F5DBD86-5B31-4015-B6C9-98C2EA423483}.Release|Any CPU.ActiveCfg = Release|Any CPU
		{5F5DBD86-5B31-4015-B6C9-98C2EA423483}.Release|Any CPU.Build.0 = Release|Any CPU
	EndGlobalSection
	GlobalSection(SolutionProperties) = preSolution
		HideSolutionNode = FALSE
	EndGlobalSection
	GlobalSection(ExtensibilityGlobals) = postSolution
		SolutionGuid = {A81640F4-F1DF-47AF-AE58-AB43A84549FF}
	EndGlobalSection
EndGlobal
